PODS:
  - Alamofire (3.1.2)
  - PKHUD (2.2.5)
  - SwiftLocation (0.2.0)
  - SwiftyJSON (2.3.1)

DEPENDENCIES:
  - Alamofire (~> 3.0)
  - PKHUD
  - SwiftLocation
  - SwiftyJSON

SPEC CHECKSUMS:
  Alamofire: 7c16ca65f3c7e681fd925fd7f2dec7747ff96855
  PKHUD: 15d9db01fb008bb9247c6d785c585f587955b113
  SwiftLocation: ea78ae4a822581bde7379d98c8513273723c8840
  SwiftyJSON: 592b53bee5ef3dd9b3bebc6b9cb7ee35426ae8c3

COCOAPODS: 0.38.2
